
Microsoft Visual Studio Solution File, Format Version 12.00
# Visual Studio Version 17
VisualStudioVersion = 17.10.35004.147
MinimumVisualStudioVersion = 10.0.40219.1
Project("{FAE04EC0-301F-11D3-BF4B-00C04F79EFBC}") = "PR6", "PR6\PR6.csproj", "{ED0399B3-D6AA-448A-8EDF-0D2B45B8C7FA}"
EndProject
Global
	GlobalSection(SolutionConfigurationPlatforms) = preSolution
		Debug|Any CPU = Debug|Any CPU
		Release|Any CPU = Release|Any CPU
	EndGlobalSection
	GlobalSection(ProjectConfigurationPlatforms) = postSolution
		{ED0399B3-D6AA-448A-8EDF-0D2B45B8C7FA}.Debug|Any CPU.ActiveCfg = Debug|Any CPU
		{ED0399B3-D6AA-448A-8EDF-0D2B45B8C7FA}.Debug|Any CPU.Build.0 = Debug|Any CPU
		{ED0399B3-D6AA-448A-8EDF-0D2B45B8C7FA}.Release|Any CPU.ActiveCfg = Release|Any CPU
		{ED0399B3-D6AA-448A-8EDF-0D2B45B8C7FA}.Release|Any CPU.Build.0 = Release|Any CPU
	EndGlobalSection
	GlobalSection(SolutionProperties) = preSolution
		HideSolutionNode = FALSE
	EndGlobalSection
	GlobalSection(ExtensibilityGlobals) = postSolution
		SolutionGuid = {A6B96832-5406-4E1F-861C-8F01373A6D86}
	EndGlobalSection
EndGlobal
